Microsoft Visual Studio Solution File, Format Version 8.00
Project("{8BC9CEB8-8B4A-11D0-8D11-00A0C91BC942}") = "OpenMugen", "OpenMugen.vcproj", "{6F0C5F95-A518-4DF3-A2BC-5832C5A8A090}"
	ProjectSection(ProjectDependencies) = postProject
	EndProjectSection
EndProject
Global
	GlobalSection(SolutionConfiguration) = preSolution
		Debug = Debug
		Release = Release
	EndGlobalSection
	GlobalSection(ProjectConfiguration) = postSolution
		{6F0C5F95-A518-4DF3-A2BC-5832C5A8A090}.Debug.ActiveCfg = Debug|Win32
		{6F0C5F95-A518-4DF3-A2BC-5832C5A8A090}.Debug.Build.0 = Debug|Win32
		{6F0C5F95-A518-4DF3-A2BC-5832C5A8A090}.Release.ActiveCfg = Release|Win32
		{6F0C5F95-A518-4DF3-A2BC-5832C5A8A090}.Release.Build.0 = Release|Win32
	EndGlobalSection
	GlobalSection(ExtensibilityGlobals) = postSolution
	EndGlobalSection
	GlobalSection(ExtensibilityAddIns) = postSolution
	EndGlobalSection
EndGlobal
